// !$*UTF8*$!
{
	archiveVersion = 1;
	classes = {
	};
	objectVersion = 50;
	objects = {

/* Begin PBXBuildFile section */
		13E55DB9226301BD00C902E8 /* AppDelegate.swift in Sources */ = {isa = PBXBuildFile; fileRef = 13E55DB8226301BD00C902E8 /* AppDelegate.swift */; };
		13E55DBB226301BD00C902E8 /* ViewController.swift in Sources */ = {isa = PBXBuildFile; fileRef = 13E55DBA226301BD00C902E8 /* ViewController.swift */; };
		13E55DBE226301BD00C902E8 /* Main.storyboard in Resources */ = {isa = PBXBuildFile; fileRef = 13E55DBC226301BD00C902E8 /* Main.storyboard */; };
		13E55DC0226301BE00C902E8 /* Assets.xcassets in Resources */ = {isa = PBXBuildFile; fileRef = 13E55DBF226301BE00C902E8 /* Assets.xcassets */; };
		13E55DC3226301BE00C902E8 /* LaunchScreen.storyboard in Resources */ = {isa = PBXBuildFile; fileRef = 13E55DC1226301BE00C902E8 /* LaunchScreen.storyboard */; };
		13E55DCE226301BE00C902E8 /* Lesson2ExerciseTests.swift in Sources */ = {isa = PBXBuildFile; fileRef = 13E55DCD226301BE00C902E8 /* Lesson2ExerciseTests.swift */; };
/* End PBXBuildFile section */

/* Begin PBXContainerItemProxy section */
		13E55DCA226301BE00C902E8 /* PBXContainerItemProxy */ = {
			isa = PBXContainerItemProxy;
			containerPortal = 13E55DAD226301BD00C902E8 /* Project object */;
			proxyType = 1;
			remoteGlobalIDString = 13E55DB4226301BD00C902E8;
			remoteInfo = Lesson2Exercise;
		};
/* End PBXContainerItemProxy section */

/* Begin PBXFileReference section */
		13E55DB5226301BD00C902E8 /* Lesson2Exercise.app */ = {isa = PBXFileReference; explicitFileType = wrapper.application; includeInIndex = 0; path = Lesson2Exercise.app; sourceTree = BUILT_PRODUCTS_DIR; };
		13E55DB8226301BD00C902E8 /* AppDelegate.swift */ = {isa = PBXFileReference; lastKnownFileType = sourcecode.swift; path = AppDelegate.swift; sourceTree = "<group>"; };
		13E55DBA226301BD00C902E8 /* ViewController.swift */ = {isa = PBXFileReference; lastKnownFileType = sourcecode.swift; path = ViewController.swift; sourceTree = "<group>"; };
		13E55DBD226301BD00C902E8 /* Base */ = {isa = PBXFileReference; lastKnownFileType = file.storyboard; name = Base; path = Base.lproj/Main.storyboard; sourceTree = "<group>"; };
		13E55DBF226301BE00C902E8 /* Assets.xcassets */ = {isa = PBXFileReference; lastKnownFileType = folder.assetcatalog; path = Assets.xcassets; sourceTree = "<group>"; };
		13E55DC2226301BE00C902E8 /* Base */ = {isa = PBXFileReference; lastKnownFileType = file.storyboard; name = Base; path = Base.lproj/LaunchScreen.storyboard; sourceTree = "<group>"; };
		13E55DC4226301BE00C902E8 /* Info.plist */ = {isa = PBXFileReference; lastKnownFileType = text.plist.xml; path = Info.plist; sourceTree = "<group>"; };
		13E55DC9226301BE00C902E8 /* Lesson2ExerciseTests.xctest */ = {isa = PBXFileReference; explicitFileType = wrapper.cfbundle; includeInIndex = 0; path = Lesson2ExerciseTests.xctest; sourceTree = BUILT_PRODUCTS_DIR; };
		13E55DCD226301BE00C902E8 /* Lesson2ExerciseTests.swift */ = {isa = PBXFileReference; lastKnownFileType = sourcecode.swift; path = Lesson2ExerciseTests.swift; sourceTree = "<group>"; };
		13E55DCF226301BE00C902E8 /* Info.plist */ = {isa = PBXFileReference; lastKnownFileType = text.plist.xml; path = Info.plist; sourceTree = "<group>"; };
/* End PBXFileReference section */

/* Begin PBXFrameworksBuildPhase section */
		13E55DB2226301BD00C902E8 /* Frameworks */ = {
			isa = PBXFrameworksBuildPhase;
			buildActionMask = 2147483647;
			files = (
			);
			runOnlyForDeploymentPostprocessing = 0;
		};
		13E55DC6226301BE00C902E8 /* Frameworks */ = {
			isa = PBXFrameworksBuildPhase;
			buildActionMask = 2147483647;
			files = (
			);
			runOnlyForDeploymentPostprocessing = 0;
		};
/* End PBXFrameworksBuildPhase section */

/* Begin PBXGroup section */
		13E55DAC226301BD00C902E8 = {
			isa = PBXGroup;
			children = (
				13E55DB7226301BD00C902E8 /* Lesson2Exercise */,
				13E55DCC226301BE00C902E8 /* Lesson2ExerciseTests */,
				13E55DB6226301BD00C902E8 /* Products */,
			);
			sourceTree = "<group>";
		};
		13E55DB6226301BD00C902E8 /* Products */ = {
			isa = PBXGroup;
			children = (
				13E55DB5226301BD00C902E8 /* Lesson2Exercise.app */,
				13E55DC9226301BE00C902E8 /* Lesson2ExerciseTests.xctest */,
			);
			name = Products;
			sourceTree = "<group>";
		};
		13E55DB7226301BD00C902E8 /* Lesson2Exercise */ = {
			isa = PBXGroup;
			children = (
				13E55DB8226301BD00C902E8 /* AppDelegate.swift */,
				13E55DBA226301BD00C902E8 /* ViewController.swift */,
				13E55DBC226301BD00C902E8 /* Main.storyboard */,
				13E55DBF226301BE00C902E8 /* Assets.xcassets */,
				13E55DC1226301BE00C902E8 /* LaunchScreen.storyboard */,
				13E55DC4226301BE00C902E8 /* Info.plist */,
			);
			path = Lesson2Exercise;
			sourceTree = "<group>";
		};
		13E55DCC226301BE00C902E8 /* Lesson2ExerciseTests */ = {
			isa = PBXGroup;
			children = (
				13E55DCD226301BE00C902E8 /* Lesson2ExerciseTests.swift */,
				13E55DCF226301BE00C902E8 /* Info.plist */,
			);
			path = Lesson2ExerciseTests;
			sourceTree = "<group>";
		};
/* End PBXGroup section */

/* Begin PBXNativeTarget section */
		13E55DB4226301BD00C902E8 /* Lesson2Exercise */ = {
			isa = PBXNativeTarget;
			buildConfigurationList = 13E55DD2226301BE00C902E8 /* Build configuration list for PBXNativeTarget "Lesson2Exercise" */;
			buildPhases = (
				13E55DB1226301BD00C902E8 /* Sources */,
				13E55DB2226301BD00C902E8 /* Frameworks */,
				13E55DB3226301BD00C902E8 /* Resources */,
			);
			buildRules = (
			);
			dependencies = (
			);
			name = Lesson2Exercise;
			productName = Lesson2Exercise;
			productReference = 13E55DB5226301BD00C902E8 /* Lesson2Exercise.app */;
			productType = "com.apple.product-type.application";
		};
		13E55DC8226301BE00C902E8 /* Lesson2ExerciseTests */ = {
			isa = PBXNativeTarget;
			buildConfigurationList = 13E55DD5226301BE00C902E8 /* Build configuration list for PBXNativeTarget "Lesson2ExerciseTests" */;
			buildPhases = (
				13E55DC5226301BE00C902E8 /* Sources */,
				13E55DC6226301BE00C902E8 /* Frameworks */,
				13E55DC7226301BE00C902E8 /* Resources */,
			);
			buildRules = (
			);
			dependencies = (
				13E55DCB226301BE00C902E8 /* PBXTargetDependency */,
			);
			name = Lesson2ExerciseTests;
			productName = Lesson2ExerciseTests;
			productReference = 13E55DC9226301BE00C902E8 /* Lesson2ExerciseTests.xctest */;
			productType = "com.apple.product-type.bundle.unit-test";
		};
/* End PBXNativeTarget section */

/* Begin PBXProject section */
		13E55DAD226301BD00C902E8 /* Project object */ = {
			isa = PBXProject;
			attributes = {
				LastSwiftUpdateCheck = 1020;
				LastUpgradeCheck = 1020;
				ORGANIZATIONNAME = "Josiah Elisha";
				TargetAttributes = {
					13E55DB4226301BD00C902E8 = {
						CreatedOnToolsVersion = 10.2;
					};
					13E55DC8226301BE00C902E8 = {
						CreatedOnToolsVersion = 10.2;
						TestTargetID = 13E55DB4226301BD00C902E8;
					};
				};
			};
			buildConfigurationList = 13E55DB0226301BD00C902E8 /* Build configuration list for PBXProject "Lesson2Exercise" */;
			compatibilityVersion = "Xcode 9.3";
			developmentRegion = en;
			hasScannedForEncodings = 0;
			knownRegions = (
				en,
				Base,
			);
			mainGroup = 13E55DAC226301BD00C902E8;
			productRefGroup = 13E55DB6226301BD00C902E8 /* Products */;
			projectDirPath = "";
			projectRoot = "";
			targets = (
				13E55DB4226301BD00C902E8 /* Lesson2Exercise */,
				13E55DC8226301BE00C902E8 /* Lesson2ExerciseTests */,
			);
		};
/* End PBXProject section */

/* Begin PBXResourcesBuildPhase section */
		13E55DB3226301BD00C902E8 /* Resources */ = {
			isa = PBXResourcesBuildPhase;
			buildActionMask = 2147483647;
			files = (
				13E55DC3226301BE00C902E8 /* LaunchScreen.storyboard in Resources */,
				13E55DC0226301BE00C902E8 /* Assets.xcassets in Resources */,
				13E55DBE226301BD00C902E8 /* Main.storyboard in Resources */,
			);
			runOnlyForDeploymentPostprocessing = 0;
		};
		13E55DC7226301BE00C902E8 /* Resources */ = {
			isa = PBXResourcesBuildPhase;
			buildActionMask = 2147483647;
			files = (
			);
			runOnlyForDeploymentPostprocessing = 0;
		};
/* End PBXResourcesBuildPhase section */

/* Begin PBXSourcesBuildPhase section */
		13E55DB1226301BD00C902E8 /* Sources */ = {
			isa = PBXSourcesBuildPhase;
			buildActionMask = 2147483647;
			files = (
				13E55DBB226301BD00C902E8 /* ViewController.swift in Sources */,
				13E55DB9226301BD00C902E8 /* AppDelegate.swift in Sources */,
			);
			runOnlyForDeploymentPostprocessing = 0;
		};
		13E55DC5226301BE00C902E8 /* Sources */ = {
			isa = PBXSourcesBuildPhase;
			buildActionMask = 2147483647;
			files = (
				13E55DCE226301BE00C902E8 /* Lesson2ExerciseTests.swift in Sources */,
			);
			runOnlyForDeploymentPostprocessing = 0;
		};
/* End PBXSourcesBuildPhase section */

/* Begin PBXTargetDependency section */
		13E55DCB226301BE00C902E8 /* PBXTargetDependency */ = {
			isa = PBXTargetDependency;
			target = 13E55DB4226301BD00C902E8 /* Lesson2Exercise */;
			targetProxy = 13E55DCA226301BE00C902E8 /* PBXContainerItemProxy */;
		};
/* End PBXTargetDependency section */

/* Begin PBXVariantGroup section */
		13E55DBC226301BD00C902E8 /* Main.storyboard */ = {
			isa = PBXVariantGroup;
			children = (
				13E55DBD226301BD00C902E8 /* Base */,
			);
			name = Main.storyboard;
			sourceTree = "<group>";
		};
		13E55DC1226301BE00C902E8 /* LaunchScreen.storyboard */ = {
			isa = PBXVariantGroup;
			children = (
				13E55DC2226301BE00C902E8 /* Base */,
			);
			name = LaunchScreen.storyboard;
			sourceTree = "<group>";
		};
/* End PBXVariantGroup section */

/* Begin XCBuildConfiguration section */
		13E55DD0226301BE00C902E8 /* Debug */ = {
			isa = XCBuildConfiguration;
			buildSettings = {
				ALWAYS_SEARCH_USER_PATHS = NO;
				CLANG_ANALYZER_NONNULL = YES;
				CLANG_ANALYZER_NUMBER_OBJECT_CONVERSION = YES_AGGRESSIVE;
				CLANG_CXX_LANGUAGE_STANDARD = "gnu++14";
				CLANG_CXX_LIBRARY = "libc++";
				CLANG_ENABLE_MODULES = YES;
				CLANG_ENABLE_OBJC_ARC = YES;
				CLANG_ENABLE_OBJC_WEAK = YES;
				CLANG_WARN_BLOCK_CAPTURE_AUTORELEASING = YES;
				CLANG_WARN_BOOL_CONVERSION = YES;
				CLANG_WARN_COMMA = YES;
				CLANG_WARN_CONSTANT_CONVERSION = YES;
				CLANG_WARN_DEPRECATED_OBJC_IMPLEMENTATIONS = YES;
				CLANG_WARN_DIRECT_OBJC_ISA_USAGE = YES_ERROR;
				CLANG_WARN_DOCUMENTATION_COMMENTS = YES;
				CLANG_WARN_EMPTY_BODY = YES;
				CLANG_WARN_ENUM_CONVERSION = YES;
				CLANG_WARN_INFINITE_RECURSION = YES;
				CLANG_WARN_INT_CONVERSION = YES;
				CLANG_WARN_NON_LITERAL_NULL_CONVERSION = YES;
				CLANG_WARN_OBJC_IMPLICIT_RETAIN_SELF = YES;
				CLANG_WARN_OBJC_LITERAL_CONVERSION = YES;
				CLANG_WARN_OBJC_ROOT_CLASS = YES_ERROR;
				CLANG_WARN_RANGE_LOOP_ANALYSIS = YES;
				CLANG_WARN_STRICT_PROTOTYPES = YES;
				CLANG_WARN_SUSPICIOUS_MOVE = YES;
				CLANG_WARN_UNGUARDED_AVAILABILITY = YES_AGGRESSIVE;
				CLANG_WARN_UNREACHABLE_CODE = YES;
				CLANG_WARN__DUPLICATE_METHOD_MATCH = YES;
				CODE_SIGN_IDENTITY = "iPhone Developer";
				COPY_PHASE_STRIP = NO;
				DEBUG_INFORMATION_FORMAT = dwarf;
				ENABLE_STRICT_OBJC_MSGSEND = YES;
				ENABLE_TESTABILITY = YES;
				GCC_C_LANGUAGE_STANDARD = gnu11;
				GCC_DYNAMIC_NO_PIC = NO;
				GCC_NO_COMMON_BLOCKS = YES;
				GCC_OPTIMIZATION_LEVEL = 0;
				GCC_PREPROCESSOR_DEFINITIONS = (
					"DEBUG=1",
					"$(inherited)",
				);
				GCC_WARN_64_TO_32_BIT_CONVERSION = YES;
				GCC_WARN_ABOUT_RETURN_TYPE = YES_ERROR;
				GCC_WARN_UNDECLARED_SELECTOR = YES;
				GCC_WARN_UNINITIALIZED_AUTOS = YES_AGGRESSIVE;
				GCC_WARN_UNUSED_FUNCTION = YES;
				GCC_WARN_UNUSED_VARIABLE = YES;
				IPHONEOS_DEPLOYMENT_TARGET = 12.2;
				MTL_ENABLE_DEBUG_INFO = INCLUDE_SOURCE;
				MTL_FAST_MATH = YES;
				ONLY_ACTIVE_ARCH = YES;
				SDKROOT = iphoneos;
				SWIFT_ACTIVE_COMPILATION_CONDITIONS = DEBUG;
				SWIFT_OPTIMIZATION_LEVEL = "-Onone";
			};
			name = Debug;
		};
		13E55DD1226301BE00C902E8 /* Release */ = {
			isa = XCBuildConfiguration;
			buildSettings = {
				ALWAYS_SEARCH_USER_PATHS = NO;
				CLANG_ANALYZER_NONNULL = YES;
				CLANG_ANALYZER_NUMBER_OBJECT_CONVERSION = YES_AGGRESSIVE;
				CLANG_CXX_LANGUAGE_STANDARD = "gnu++14";
				CLANG_CXX_LIBRARY = "libc++";
				CLANG_ENABLE_MODULES = YES;
				CLANG_ENABLE_OBJC_ARC = YES;
				CLANG_ENABLE_OBJC_WEAK = YES;
				CLANG_WARN_BLOCK_CAPTURE_AUTORELEASING = YES;
				CLANG_WARN_BOOL_CONVERSION = YES;
				CLANG_WARN_COMMA = YES;
				CLANG_WARN_CONSTANT_CONVERSION = YES;
				CLANG_WARN_DEPRECATED_OBJC_IMPLEMENTATIONS = YES;
				CLANG_WARN_DIRECT_OBJC_ISA_USAGE = YES_ERROR;
				CLANG_WARN_DOCUMENTATION_COMMENTS = YES;
				CLANG_WARN_EMPTY_BODY = YES;
				CLANG_WARN_ENUM_CONVERSION = YES;
				CLANG_WARN_INFINITE_RECURSION = YES;
				CLANG_WARN_INT_CONVERSION = YES;
				CLANG_WARN_NON_LITERAL_NULL_CONVERSION = YES;
				CLANG_WARN_OBJC_IMPLICIT_RETAIN_SELF = YES;
				CLANG_WARN_OBJC_LITERAL_CONVERSION = YES;
				CLANG_WARN_OBJC_ROOT_CLASS = YES_ERROR;
				CLANG_WARN_RANGE_LOOP_ANALYSIS = YES;
				CLANG_WARN_STRICT_PROTOTYPES = YES;
				CLANG_WARN_SUSPICIOUS_MOVE = YES;
				CLANG_WARN_UNGUARDED_AVAILABILITY = YES_AGGRESSIVE;
				CLANG_WARN_UNREACHABLE_CODE = YES;
				CLANG_WARN__DUPLICATE_METHOD_MATCH = YES;
				CODE_SIGN_IDENTITY = "iPhone Developer";
				COPY_PHASE_STRIP = NO;
				DEBUG_INFORMATION_FORMAT = "dwarf-with-dsym";
				ENABLE_NS_ASSERTIONS = NO;
				ENABLE_STRICT_OBJC_MSGSEND = YES;
				GCC_C_LANGUAGE_STANDARD = gnu11;
				GCC_NO_COMMON_BLOCKS = YES;
				GCC_WARN_64_TO_32_BIT_CONVERSION = YES;
				GCC_WARN_ABOUT_RETURN_TYPE = YES_ERROR;
				GCC_WARN_UNDECLARED_SELECTOR = YES;
				GCC_WARN_UNINITIALIZED_AUTOS = YES_AGGRESSIVE;
				GCC_WARN_UNUSED_FUNCTION = YES;
				GCC_WARN_UNUSED_VARIABLE = YES;
				IPHONEOS_DEPLOYMENT_TARGET = 12.2;
				MTL_ENABLE_DEBUG_INFO = NO;
				MTL_FAST_MATH = YES;
				SDKROOT = iphoneos;
				SWIFT_COMPILATION_MODE = wholemodule;
				SWIFT_OPTIMIZATION_LEVEL = "-O";
				VALIDATE_PRODUCT = YES;
			};
			name = Release;
		};
		13E55DD3226301BE00C902E8 /* Debug */ = {
			isa = XCBuildConfiguration;
			buildSettings = {
				ASSETCATALOG_COMPILER_APPICON_NAME = AppIcon;
				CODE_SIGN_STYLE = Automatic;
				DEVELOPMENT_TEAM = NZQAU3W3J4;
				INFOPLIST_FILE = Lesson2Exercise/Info.plist;
				LD_RUNPATH_SEARCH_PATHS = (
					"$(inherited)",
					"@executable_path/Frameworks",
				);
				PRODUCT_BUNDLE_IDENTIFIER = com.josiah.Lesson2Exercise;
				PRODUCT_NAME = "$(TARGET_NAME)";
				SWIFT_VERSION = 5.0;
				TARGETED_DEVICE_FAMILY = "1,2";
			};
			name = Debug;
		};
		13E55DD4226301BE00C902E8 /* Release */ = {
			isa = XCBuildConfiguration;
			buildSettings = {
				ASSETCATALOG_COMPILER_APPICON_NAME = AppIcon;
				CODE_SIGN_STYLE = Automatic;
				DEVELOPMENT_TEAM = NZQAU3W3J4;
				INFOPLIST_FILE = Lesson2Exercise/Info.plist;
				LD_RUNPATH_SEARCH_PATHS = (
					"$(inherited)",
					"@executable_path/Frameworks",
				);
				PRODUCT_BUNDLE_IDENTIFIER = com.josiah.Lesson2Exercise;
				PRODUCT_NAME = "$(TARGET_NAME)";
				SWIFT_VERSION = 5.0;
				TARGETED_DEVICE_FAMILY = "1,2";
			};
			name = Release;
		};
		13E55DD6226301BE00C902E8 /* Debug */ = {
			isa = XCBuildConfiguration;
			buildSettings = {
				ALWAYS_EMBED_SWIFT_STANDARD_LIBRARIES = YES;
				BUNDLE_LOADER = "$(TEST_HOST)";
				CODE_SIGN_STYLE = Automatic;
				DEVELOPMENT_TEAM = NZQAU3W3J4;
				INFOPLIST_FILE = Lesson2ExerciseTests/Info.plist;
				LD_RUNPATH_SEARCH_PATHS = (
					"$(inherited)",
					"@executable_path/Frameworks",
					"@loader_path/Frameworks",
				);
				PRODUCT_BUNDLE_IDENTIFIER = com.josiah.Lesson2ExerciseTests;
				PRODUCT_NAME = "$(TARGET_NAME)";
				SWIFT_VERSION = 5.0;
				TARGETED_DEVICE_FAMILY = "1,2";
				TEST_HOST = "$(BUILT_PRODUCTS_DIR)/Lesson2Exercise.app/Lesson2Exercise";
			};
			name = Debug;
		};
		13E55DD7226301BE00C902E8 /* Release */ = {
			isa = XCBuildConfiguration;
			buildSettings = {
				ALWAYS_EMBED_SWIFT_STANDARD_LIBRARIES = YES;
				BUNDLE_LOADER = "$(TEST_HOST)";
				CODE_SIGN_STYLE = Automatic;
				DEVELOPMENT_TEAM = NZQAU3W3J4;
				INFOPLIST_FILE = Lesson2ExerciseTests/Info.plist;
				LD_RUNPATH_SEARCH_PATHS = (
					"$(inherited)",
					"@executable_path/Frameworks",
					"@loader_path/Frameworks",
				);
				PRODUCT_BUNDLE_IDENTIFIER = com.josiah.Lesson2ExerciseTests;
				PRODUCT_NAME = "$(TARGET_NAME)";
				SWIFT_VERSION = 5.0;
				TARGETED_DEVICE_FAMILY = "1,2";
				TEST_HOST = "$(BUILT_PRODUCTS_DIR)/Lesson2Exercise.app/Lesson2Exercise";
			};
			name = Release;
		};
/* End XCBuildConfiguration section */

/* Begin XCConfigurationList section */
		13E55DB0226301BD00C902E8 /* Build configuration list for PBXProject "Lesson2Exercise" */ = {
			isa = XCConfigurationList;
			buildConfigurations = (
				13E55DD0226301BE00C902E8 /* Debug */,
				13E55DD1226301BE00C902E8 /* Release */,
			);
			defaultConfigurationIsVisible = 0;
			defaultConfigurationName = Release;
		};
		13E55DD2226301BE00C902E8 /* Build configuration list for PBXNativeTarget "Lesson2Exercise" */ = {
			isa = XCConfigurationList;
			buildConfigurations = (
				13E55DD3226301BE00C902E8 /* Debug */,
				13E55DD4226301BE00C902E8 /* Release */,
			);
			defaultConfigurationIsVisible = 0;
			defaultConfigurationName = Release;
		};
		13E55DD5226301BE00C902E8 /* Build configuration list for PBXNativeTarget "Lesson2ExerciseTests" */ = {
			isa = XCConfigurationList;
			buildConfigurations = (
				13E55DD6226301BE00C902E8 /* Debug */,
				13E55DD7226301BE00C902E8 /* Release */,
			);
			defaultConfigurationIsVisible = 0;
			defaultConfigurationName = Release;
		};
/* End XCConfigurationList section */
	};
	rootObject = 13E55DAD226301BD00C902E8 /* Project object */;
}
